{
  "originHash" : "5e7f21b17e1c7f50cba988d8f766912a21a4b5526a512e704102ed73c4995451",
  "pins" : [
    {
      "identity" : "swift-argument-parser",
      "kind" : "remoteSourceControl",
      "location" : "https://github.com/apple/swift-argument-parser.git",
      "state" : {
        "revision" : "0fbc8848e389af3bb55c182bc19ca9d5dc2f255b",
        "version" : "1.4.0"
      }
    }
  ],
  "version" : 3
}
